{
  "version": 4,
  "terraform_version": "1.12.2",
  "serial": 29,
  "lineage": "0d60ecf7-1173-766b-ae6a-e40be355fcf9",
  "outputs": {},
  "resources": [
    {
      "mode": "managed",
      "type": "google_cloud_scheduler_job",
      "name": "final_sweep",
      "provider": "provider[\"registry.terraform.io/hashicorp/google\"]",
      "instances": [
        {
          "schema_version": 0,
          "attributes": {
            "app_engine_http_target": [],
            "attempt_deadline": "",
            "description": "Publishes catch‑all sweep trigger",
            "http_target": [],
            "id": "projects/tippmix-dev/locations/europe-central2/jobs/final-sweep-job",
            "name": "final-sweep-job",
            "paused": false,
            "project": "tippmix-dev",
            "pubsub_target": [
              {
                "attributes": null,
                "data": "eyAiam9iIjogImZpbmFsLXN3ZWVwIiB9",
                "topic_name": "projects/tippmix-dev/topics/result-check"
              }
            ],
            "region": "europe-central2",
            "retry_config": [],
            "schedule": "0 9,21 * * *",
            "state": "ENABLED",
            "time_zone": "Europe/Budapest",
            "timeouts": null
          },
          "sensitive_attributes": [],
          "identity_schema_version": 0,
          "private": "eyJlMmJmYjczMC1lY2FhLTExZTYtOGY4OC0zNDM2M2JjN2M0YzAiOnsiY3JlYXRlIjoxMjAwMDAwMDAwMDAwLCJkZWxldGUiOjEyMDAwMDAwMDAwMDAsInVwZGF0ZSI6MTIwMDAwMDAwMDAwMH19",
          "dependencies": [
            "google_pubsub_topic.result_check"
          ]
        }
      ]
    },
    {
      "mode": "managed",
      "type": "google_cloud_scheduler_job",
      "name": "kickoff_tracker",
      "provider": "provider[\"registry.terraform.io/hashicorp/google\"]",
      "instances": [
        {
          "schema_version": 0,
          "attributes": {
            "app_engine_http_target": [],
            "attempt_deadline": "",
            "description": "Publishes when matches about to start",
            "http_target": [],
            "id": "projects/tippmix-dev/locations/europe-central2/jobs/kickoff-tracker-job",
            "name": "kickoff-tracker-job",
            "paused": false,
            "project": "tippmix-dev",
            "pubsub_target": [
              {
                "attributes": null,
                "data": "eyAiam9iIjogImtpY2tvZmYtdHJhY2tlciIgfQ==",
                "topic_name": "projects/tippmix-dev/topics/result-check"
              }
            ],
            "region": "europe-central2",
            "retry_config": [],
            "schedule": "*/30 * * * *",
            "state": "ENABLED",
            "time_zone": "Europe/Budapest",
            "timeouts": null
          },
          "sensitive_attributes": [],
          "identity_schema_version": 0,
          "private": "eyJlMmJmYjczMC1lY2FhLTExZTYtOGY4OC0zNDM2M2JjN2M0YzAiOnsiY3JlYXRlIjoxMjAwMDAwMDAwMDAwLCJkZWxldGUiOjEyMDAwMDAwMDAwMDAsInVwZGF0ZSI6MTIwMDAwMDAwMDAwMH19",
          "dependencies": [
            "google_pubsub_topic.result_check"
          ]
        }
      ]
    },
    {
      "mode": "managed",
      "type": "google_cloud_scheduler_job",
      "name": "result_poller",
      "provider": "provider[\"registry.terraform.io/hashicorp/google\"]",
      "instances": [
        {
          "schema_version": 0,
          "attributes": {
            "app_engine_http_target": [],
            "attempt_deadline": "",
            "description": "Publishes periodic result polling trigger",
            "http_target": [],
            "id": "projects/tippmix-dev/locations/europe-central2/jobs/result-poller-job",
            "name": "result-poller-job",
            "paused": false,
            "project": "tippmix-dev",
            "pubsub_target": [
              {
                "attributes": null,
                "data": "eyAiam9iIjogInJlc3VsdC1wb2xsZXIiIH0=",
                "topic_name": "projects/tippmix-dev/topics/result-check"
              }
            ],
            "region": "europe-central2",
            "retry_config": [],
            "schedule": "0 */2 * * *",
            "state": "ENABLED",
            "time_zone": "Europe/Budapest",
            "timeouts": null
          },
          "sensitive_attributes": [],
          "identity_schema_version": 0,
          "private": "eyJlMmJmYjczMC1lY2FhLTExZTYtOGY4OC0zNDM2M2JjN2M0YzAiOnsiY3JlYXRlIjoxMjAwMDAwMDAwMDAwLCJkZWxldGUiOjEyMDAwMDAwMDAwMDAsInVwZGF0ZSI6MTIwMDAwMDAwMDAwMH19",
          "dependencies": [
            "google_pubsub_topic.result_check"
          ]
        }
      ]
    },
    {
      "mode": "managed",
      "type": "google_logging_metric",
      "name": "remaining_credits_metric",
      "provider": "provider[\"registry.terraform.io/hashicorp/google\"]",
      "instances": [
        {
          "schema_version": 0,
          "attributes": {
            "bucket_name": "",
            "bucket_options": [],
            "description": "",
            "disabled": false,
            "filter": "jsonPayload.message:\"[quota]\"",
            "id": "remaining_credits",
            "label_extractors": {},
            "metric_descriptor": [
              {
                "display_name": "",
                "labels": [],
                "metric_kind": "DELTA",
                "unit": "1",
                "value_type": "INT64"
              }
            ],
            "name": "remaining_credits",
            "project": "tippmix-dev",
            "timeouts": null,
            "value_extractor": ""
          },
          "sensitive_attributes": [],
          "identity_schema_version": 0,
          "private": "eyJlMmJmYjczMC1lY2FhLTExZTYtOGY4OC0zNDM2M2JjN2M0YzAiOnsiY3JlYXRlIjoxMjAwMDAwMDAwMDAwLCJkZWxldGUiOjEyMDAwMDAwMDAwMDAsInVwZGF0ZSI6MTIwMDAwMDAwMDAwMH19"
        }
      ]
    },
    {
      "mode": "managed",
      "type": "google_monitoring_alert_policy",
      "name": "credit_low_alert",
      "provider": "provider[\"registry.terraform.io/hashicorp/google\"]",
      "instances": [
        {
          "schema_version": 0,
          "attributes": {
            "alert_strategy": [],
            "combiner": "OR",
            "conditions": [
              {
                "condition_absent": [],
                "condition_matched_log": [],
                "condition_monitoring_query_language": [],
                "condition_prometheus_query_language": [],
                "condition_sql": [],
                "condition_threshold": [
                  {
                    "aggregations": [],
                    "comparison": "COMPARISON_LT",
                    "denominator_aggregations": [],
                    "denominator_filter": "",
                    "duration": "300s",
                    "evaluation_missing_data": "",
                    "filter": "resource.type=\"global\" AND metric.type=\"logging.googleapis.com/user/remaining_credits\"",
                    "forecast_options": [],
                    "threshold_value": 1000,
                    "trigger": []
                  }
                ],
                "display_name": "Remaining credits low",
                "name": "projects/tippmix-dev/alertPolicies/5757574023487675765/conditions/5757574023487674124"
              }
            ],
            "creation_record": [
              {
                "mutate_time": "2025-08-07T21:01:52.734454376Z",
                "mutated_by": "akos.muller@gmail.com"
              }
            ],
            "display_name": "OddsAPI credits below threshold",
            "documentation": [],
            "enabled": true,
            "id": "projects/tippmix-dev/alertPolicies/5757574023487675765",
            "name": "projects/tippmix-dev/alertPolicies/5757574023487675765",
            "notification_channels": [],
            "project": "tippmix-dev",
            "severity": "",
            "timeouts": null,
            "user_labels": {}
          },
          "sensitive_attributes": [],
          "identity_schema_version": 0,
          "private": "eyJlMmJmYjczMC1lY2FhLTExZTYtOGY4OC0zNDM2M2JjN2M0YzAiOnsiY3JlYXRlIjoxMjAwMDAwMDAwMDAwLCJkZWxldGUiOjEyMDAwMDAwMDAwMDAsInVwZGF0ZSI6MTIwMDAwMDAwMDAwMH19",
          "dependencies": [
            "google_monitoring_notification_channel.slack_channel"
          ]
        }
      ]
    },
    {
      "mode": "managed",
      "type": "google_pubsub_topic",
      "name": "result_check",
      "provider": "provider[\"registry.terraform.io/hashicorp/google\"]",
      "instances": [
        {
          "schema_version": 0,
          "attributes": {
            "effective_labels": {
              "env": "dev",
              "goog-terraform-provisioned": "true"
            },
            "id": "projects/tippmix-dev/topics/result-check",
            "ingestion_data_source_settings": [],
            "kms_key_name": "",
            "labels": {
              "env": "dev"
            },
            "message_retention_duration": "604800s",
            "message_storage_policy": [],
            "message_transforms": [],
            "name": "result-check",
            "project": "tippmix-dev",
            "schema_settings": [],
            "terraform_labels": {
              "env": "dev",
              "goog-terraform-provisioned": "true"
            },
            "timeouts": null
          },
          "sensitive_attributes": [],
          "identity_schema_version": 0,
          "private": "eyJlMmJmYjczMC1lY2FhLTExZTYtOGY4OC0zNDM2M2JjN2M0YzAiOnsiY3JlYXRlIjoxMjAwMDAwMDAwMDAwLCJkZWxldGUiOjEyMDAwMDAwMDAwMDAsInVwZGF0ZSI6MTIwMDAwMDAwMDAwMH19"
        }
      ]
    },
    {
      "mode": "managed",
      "type": "google_pubsub_topic",
      "name": "result_check_dlq",
      "provider": "provider[\"registry.terraform.io/hashicorp/google\"]",
      "instances": [
        {
          "schema_version": 0,
          "attributes": {
            "effective_labels": {
              "env": "dev",
              "goog-terraform-provisioned": "true"
            },
            "id": "projects/tippmix-dev/topics/result-check-dlq",
            "ingestion_data_source_settings": [],
            "kms_key_name": "",
            "labels": {
              "env": "dev"
            },
            "message_retention_duration": "604800s",
            "message_storage_policy": [],
            "message_transforms": [],
            "name": "result-check-dlq",
            "project": "tippmix-dev",
            "schema_settings": [],
            "terraform_labels": {
              "env": "dev",
              "goog-terraform-provisioned": "true"
            },
            "timeouts": null
          },
          "sensitive_attributes": [],
          "identity_schema_version": 0,
          "private": "eyJlMmJmYjczMC1lY2FhLTExZTYtOGY4OC0zNDM2M2JjN2M0YzAiOnsiY3JlYXRlIjoxMjAwMDAwMDAwMDAwLCJkZWxldGUiOjEyMDAwMDAwMDAwMDAsInVwZGF0ZSI6MTIwMDAwMDAwMDAwMH19"
        }
      ]
    }
  ],
  "check_results": null
}
